
Microsoft Visual Studio Solution File, Format Version 12.00
# Visual Studio Version 16
VisualStudioVersion = 16.0.31129.286
MinimumVisualStudioVersion = 10.0.40219.1
Project("{9A19103F-16F7-4668-BE54-9A1E7A4F7556}") = "MultiplicationTable", "MultiplicationTable\MultiplicationTable.csproj", "{7A720AD8-8111-4B9D-8D5D-BFB0A07AF977}"
EndProject
Project("{FAE04EC0-301F-11D3-BF4B-00C04F79EFBC}") = "MultiplicationTableRandomQuiz", "MultiplicationTableRandomQuiz\MultiplicationTableRandomQuiz.csproj", "{851D5512-C9EA-495A-939C-06B3F096D77B}"
EndProject
Global
	GlobalSection(SolutionConfigurationPlatforms) = preSolution
		Debug|Any CPU = Debug|Any CPU
		Release|Any CPU = Release|Any CPU
	EndGlobalSection
	GlobalSection(ProjectConfigurationPlatforms) = postSolution
		{7A720AD8-8111-4B9D-8D5D-BFB0A07AF977}.Debug|Any CPU.ActiveCfg = Debug|Any CPU
		{7A720AD8-8111-4B9D-8D5D-BFB0A07AF977}.Debug|Any CPU.Build.0 = Debug|Any CPU
		{7A720AD8-8111-4B9D-8D5D-BFB0A07AF977}.Release|Any CPU.ActiveCfg = Release|Any CPU
		{7A720AD8-8111-4B9D-8D5D-BFB0A07AF977}.Release|Any CPU.Build.0 = Release|Any CPU
		{851D5512-C9EA-495A-939C-06B3F096D77B}.Debug|Any CPU.ActiveCfg = Debug|Any CPU
		{851D5512-C9EA-495A-939C-06B3F096D77B}.Debug|Any CPU.Build.0 = Debug|Any CPU
		{851D5512-C9EA-495A-939C-06B3F096D77B}.Release|Any CPU.ActiveCfg = Release|Any CPU
		{851D5512-C9EA-495A-939C-06B3F096D77B}.Release|Any CPU.Build.0 = Release|Any CPU
	EndGlobalSection
	GlobalSection(SolutionProperties) = preSolution
		HideSolutionNode = FALSE
	EndGlobalSection
	GlobalSection(ExtensibilityGlobals) = postSolution
		SolutionGuid = {48CEBC4B-D7B5-4DFC-A493-2429D5B0C955}
	EndGlobalSection
EndGlobal
